// !$*UTF8*$!
{
	archiveVersion = 1;
	classes = {
	};
	objectVersion = 46;
	objects = {

/* Begin PBXBuildFile section */
		7966CB4C1B2CC4C500A557E0 /* main.cpp in Sources */ = {isa = PBXBuildFile; fileRef = 7966CB4B1B2CC4C500A557E0 /* main.cpp */; };
		7966CB541B2CC58F00A557E0 /* Vector3.cpp in Sources */ = {isa = PBXBuildFile; fileRef = 7966CB521B2CC58F00A557E0 /* Vector3.cpp */; };
/* End PBXBuildFile section */

/* Begin PBXCopyFilesBuildPhase section */
		7966CB461B2CC4C400A557E0 /* CopyFiles */ = {
			isa = PBXCopyFilesBuildPhase;
			buildActionMask = 2147483647;
			dstPath = /usr/share/man/man1/;
			dstSubfolderSpec = 0;
			files = (
			);
			runOnlyForDeploymentPostprocessing = 1;
		};
/* End PBXCopyFilesBuildPhase section */

/* Begin PBXFileReference section */
		7966CB481B2CC4C400A557E0 /* MyVectorClass */ = {isa = PBXFileReference; explicitFileType = "compiled.mach-o.executable"; includeInIndex = 0; path = MyVectorClass; sourceTree = BUILT_PRODUCTS_DIR; };
		7966CB4B1B2CC4C500A557E0 /* main.cpp */ = {isa = PBXFileReference; lastKnownFileType = sourcecode.cpp.cpp; path = main.cpp; sourceTree = "<group>"; };
		7966CB521B2CC58F00A557E0 /* Vector3.cpp */ = {isa = PBXFileReference; fileEncoding = 4; lastKnownFileType = sourcecode.cpp.cpp; path = Vector3.cpp; sourceTree = "<group>"; };
		7966CB531B2CC58F00A557E0 /* Vector3.h */ = {isa = PBXFileReference; fileEncoding = 4; lastKnownFileType = sourcecode.c.h; path = Vector3.h; sourceTree = "<group>"; };
/* End PBXFileReference section */

/* Begin PBXFrameworksBuildPhase section */
		7966CB451B2CC4C400A557E0 /* Frameworks */ = {
			isa = PBXFrameworksBuildPhase;
			buildActionMask = 2147483647;
			files = (
			);
			runOnlyForDeploymentPostprocessing = 0;
		};
/* End PBXFrameworksBuildPhase section */

/* Begin PBXGroup section */
		7966CB3F1B2CC4C400A557E0 = {
			isa = PBXGroup;
			children = (
				7966CB4A1B2CC4C400A557E0 /* MyVectorClass */,
				7966CB491B2CC4C400A557E0 /* Products */,
			);
			sourceTree = "<group>";
		};
		7966CB491B2CC4C400A557E0 /* Products */ = {
			isa = PBXGroup;
			children = (
				7966CB481B2CC4C400A557E0 /* MyVectorClass */,
			);
			name = Products;
			sourceTree = "<group>";
		};
		7966CB4A1B2CC4C400A557E0 /* MyVectorClass */ = {
			isa = PBXGroup;
			children = (
				7966CB4B1B2CC4C500A557E0 /* main.cpp */,
				7966CB521B2CC58F00A557E0 /* Vector3.cpp */,
				7966CB531B2CC58F00A557E0 /* Vector3.h */,
			);
			path = MyVectorClass;
			sourceTree = "<group>";
		};
/* End PBXGroup section */

/* Begin PBXNativeTarget section */
		7966CB471B2CC4C400A557E0 /* MyVectorClass */ = {
			isa = PBXNativeTarget;
			buildConfigurationList = 7966CB4F1B2CC4C500A557E0 /* Build configuration list for PBXNativeTarget "MyVectorClass" */;
			buildPhases = (
				7966CB441B2CC4C400A557E0 /* Sources */,
				7966CB451B2CC4C400A557E0 /* Frameworks */,
				7966CB461B2CC4C400A557E0 /* CopyFiles */,
			);
			buildRules = (
			);
			dependencies = (
			);
			name = MyVectorClass;
			productName = MyVectorClass;
			productReference = 7966CB481B2CC4C400A557E0 /* MyVectorClass */;
			productType = "com.apple.product-type.tool";
		};
/* End PBXNativeTarget section */

/* Begin PBXProject section */
		7966CB401B2CC4C400A557E0 /* Project object */ = {
			isa = PBXProject;
			attributes = {
				LastUpgradeCheck = 0630;
				ORGANIZATIONNAME = "Sigursteinn Bjarni";
				TargetAttributes = {
					7966CB471B2CC4C400A557E0 = {
						CreatedOnToolsVersion = 6.3.2;
					};
				};
			};
			buildConfigurationList = 7966CB431B2CC4C400A557E0 /* Build configuration list for PBXProject "MyVectorClass" */;
			compatibilityVersion = "Xcode 3.2";
			developmentRegion = English;
			hasScannedForEncodings = 0;
			knownRegions = (
				en,
			);
			mainGroup = 7966CB3F1B2CC4C400A557E0;
			productRefGroup = 7966CB491B2CC4C400A557E0 /* Products */;
			projectDirPath = "";
			projectRoot = "";
			targets = (
				7966CB471B2CC4C400A557E0 /* MyVectorClass */,
			);
		};
/* End PBXProject section */

/* Begin PBXSourcesBuildPhase section */
		7966CB441B2CC4C400A557E0 /* Sources */ = {
			isa = PBXSourcesBuildPhase;
			buildActionMask = 2147483647;
			files = (
				7966CB541B2CC58F00A557E0 /* Vector3.cpp in Sources */,
				7966CB4C1B2CC4C500A557E0 /* main.cpp in Sources */,
			);
			runOnlyForDeploymentPostprocessing = 0;
		};
/* End PBXSourcesBuildPhase section */

/* Begin XCBuildConfiguration section */
		7966CB4D1B2CC4C500A557E0 /* Debug */ = {
			isa = XCBuildConfiguration;
			buildSettings = {
				ALWAYS_SEARCH_USER_PATHS = NO;
				CLANG_CXX_LANGUAGE_STANDARD = "gnu++0x";
				CLANG_CXX_LIBRARY = "libc++";
				CLANG_ENABLE_MODULES = YES;
				CLANG_ENABLE_OBJC_ARC = YES;
				CLANG_WARN_BOOL_CONVERSION = YES;
				CLANG_WARN_CONSTANT_CONVERSION = YES;
				CLANG_WARN_DIRECT_OBJC_ISA_USAGE = YES_ERROR;
				CLANG_WARN_EMPTY_BODY = YES;
				CLANG_WARN_ENUM_CONVERSION = YES;
				CLANG_WARN_INT_CONVERSION = YES;
				CLANG_WARN_OBJC_ROOT_CLASS = YES_ERROR;
				CLANG_WARN_UNREACHABLE_CODE = YES;
				CLANG_WARN__DUPLICATE_METHOD_MATCH = YES;
				COPY_PHASE_STRIP = NO;
				DEBUG_INFORMATION_FORMAT = dwarf;
				ENABLE_STRICT_OBJC_MSGSEND = YES;
				GCC_C_LANGUAGE_STANDARD = gnu99;
				GCC_DYNAMIC_NO_PIC = NO;
				GCC_NO_COMMON_BLOCKS = YES;
				GCC_OPTIMIZATION_LEVEL = 0;
				GCC_PREPROCESSOR_DEFINITIONS = (
					"DEBUG=1",
					"$(inherited)",
				);
				GCC_SYMBOLS_PRIVATE_EXTERN = NO;
				GCC_WARN_64_TO_32_BIT_CONVERSION = YES;
				GCC_WARN_ABOUT_RETURN_TYPE = YES_ERROR;
				GCC_WARN_UNDECLARED_SELECTOR = YES;
				GCC_WARN_UNINITIALIZED_AUTOS = YES_AGGRESSIVE;
				GCC_WARN_UNUSED_FUNCTION = YES;
				GCC_WARN_UNUSED_VARIABLE = YES;
				MACOSX_DEPLOYMENT_TARGET = 10.10;
				MTL_ENABLE_DEBUG_INFO = YES;
				ONLY_ACTIVE_ARCH = YES;
				SDKROOT = macosx;
			};
			name = Debug;
		};
		7966CB4E1B2CC4C500A557E0 /* Release */ = {
			isa = XCBuildConfiguration;
			buildSettings = {
				ALWAYS_SEARCH_USER_PATHS = NO;
				CLANG_CXX_LANGUAGE_STANDARD = "gnu++0x";
				CLANG_CXX_LIBRARY = "libc++";
				CLANG_ENABLE_MODULES = YES;
				CLANG_ENABLE_OBJC_ARC = YES;
				CLANG_WARN_BOOL_CONVERSION = YES;
				CLANG_WARN_CONSTANT_CONVERSION = YES;
				CLANG_WARN_DIRECT_OBJC_ISA_USAGE = YES_ERROR;
				CLANG_WARN_EMPTY_BODY = YES;
				CLANG_WARN_ENUM_CONVERSION = YES;
				CLANG_WARN_INT_CONVERSION = YES;
				CLANG_WARN_OBJC_ROOT_CLASS = YES_ERROR;
				CLANG_WARN_UNREACHABLE_CODE = YES;
				CLANG_WARN__DUPLICATE_METHOD_MATCH = YES;
				COPY_PHASE_STRIP = NO;
				DEBUG_INFORMATION_FORMAT = "dwarf-with-dsym";
				ENABLE_NS_ASSERTIONS = NO;
				ENABLE_STRICT_OBJC_MSGSEND = YES;
				GCC_C_LANGUAGE_STANDARD = gnu99;
				GCC_NO_COMMON_BLOCKS = YES;
				GCC_WARN_64_TO_32_BIT_CONVERSION = YES;
				GCC_WARN_ABOUT_RETURN_TYPE = YES_ERROR;
				GCC_WARN_UNDECLARED_SELECTOR = YES;
				GCC_WARN_UNINITIALIZED_AUTOS = YES_AGGRESSIVE;
				GCC_WARN_UNUSED_FUNCTION = YES;
				GCC_WARN_UNUSED_VARIABLE = YES;
				MACOSX_DEPLOYMENT_TARGET = 10.10;
				MTL_ENABLE_DEBUG_INFO = NO;
				SDKROOT = macosx;
			};
			name = Release;
		};
		7966CB501B2CC4C500A557E0 /* Debug */ = {
			isa = XCBuildConfiguration;
			buildSettings = {
				PRODUCT_NAME = "$(TARGET_NAME)";
			};
			name = Debug;
		};
		7966CB511B2CC4C500A557E0 /* Release */ = {
			isa = XCBuildConfiguration;
			buildSettings = {
				PRODUCT_NAME = "$(TARGET_NAME)";
			};
			name = Release;
		};
/* End XCBuildConfiguration section */

/* Begin XCConfigurationList section */
		7966CB431B2CC4C400A557E0 /* Build configuration list for PBXProject "MyVectorClass" */ = {
			isa = XCConfigurationList;
			buildConfigurations = (
				7966CB4D1B2CC4C500A557E0 /* Debug */,
				7966CB4E1B2CC4C500A557E0 /* Release */,
			);
			defaultConfigurationIsVisible = 0;
			defaultConfigurationName = Release;
		};
		7966CB4F1B2CC4C500A557E0 /* Build configuration list for PBXNativeTarget "MyVectorClass" */ = {
			isa = XCConfigurationList;
			buildConfigurations = (
				7966CB501B2CC4C500A557E0 /* Debug */,
				7966CB511B2CC4C500A557E0 /* Release */,
			);
			defaultConfigurationIsVisible = 0;
		};
/* End XCConfigurationList section */
	};
	rootObject = 7966CB401B2CC4C400A557E0 /* Project object */;
}
